
Microsoft Visual Studio Solution File, Format Version 12.00
# Visual Studio Version 17
VisualStudioVersion = 17.6.33723.286
MinimumVisualStudioVersion = 10.0.40219.1
Project("{2150E333-8FDC-42A3-9474-1A3956D46DE8}") = "Section_1", "Section_1", "{7BF2EA35-B33D-48A2-9C78-2C927831EE30}"
	ProjectSection(SolutionItems) = preProject
		Section_1\ReadME.txt = Section_1\ReadME.txt
	EndProjectSection
EndProject
Project("{9A19103F-16F7-4668-BE54-9A1E7A4F7556}") = "Task_A", "Section_1\Task_A\Task_A.csproj", "{C66F8910-8651-43D1-B303-525223542ACA}"
EndProject
Project("{9A19103F-16F7-4668-BE54-9A1E7A4F7556}") = "Task_B", "Section_1\Task_B\Task_B.csproj", "{C9848FC7-6ED2-4336-BF3C-631EE96F9C48}"
EndProject
Project("{9A19103F-16F7-4668-BE54-9A1E7A4F7556}") = "Task_C", "Section_1\Task_C\Task_C.csproj", "{68D3201A-F735-4162-9D7B-3DB59B033CFB}"
EndProject
Project("{2150E333-8FDC-42A3-9474-1A3956D46DE8}") = "Section_0", "Section_0", "{3D71B8D3-41AE-4E35-87D5-FC51FD2B3A78}"
EndProject
Project("{9A19103F-16F7-4668-BE54-9A1E7A4F7556}") = "Section_0", "Section_0\Section_0\Section_0.csproj", "{0468AF72-57A5-4AA2-9C27-F81B8BE87CFB}"
EndProject
Project("{9A19103F-16F7-4668-BE54-9A1E7A4F7556}") = "Task_D", "Section_1\Task_D\Task_D.csproj", "{B0ACA5ED-FBFC-4279-AC73-49CAAD076310}"
EndProject
Project("{9A19103F-16F7-4668-BE54-9A1E7A4F7556}") = "Task_E", "Section_1\Task_E\Task_E.csproj", "{54034291-8519-4369-A7C5-7AF04869607D}"
EndProject
Project("{9A19103F-16F7-4668-BE54-9A1E7A4F7556}") = "Task_F", "Section_1\Task_F\Task_F.csproj", "{34C92AAF-9424-422D-A8D1-2EDA8D62528E}"
EndProject
Project("{9A19103F-16F7-4668-BE54-9A1E7A4F7556}") = "Final_1", "Section_1\Final_1\Final_1.csproj", "{FBE21C19-AD58-4865-83C1-AB0E1A2BB205}"
EndProject
Project("{9A19103F-16F7-4668-BE54-9A1E7A4F7556}") = "Final_2", "Section_1\Final_2\Final_2.csproj", "{99676C04-C272-42AB-8041-A263F0B3B530}"
EndProject
Project("{2150E333-8FDC-42A3-9474-1A3956D46DE8}") = "Section_2", "Section_2", "{BFA6FF0A-0E3D-49C4-A815-B8528D8384C4}"
EndProject
Project("{9A19103F-16F7-4668-BE54-9A1E7A4F7556}") = "Task_B", "Section_2\Task_B\Task_B.csproj", "{1FA4A8F5-2B2C-40A9-93E7-C5DD7890C8E4}"
EndProject
Project("{9A19103F-16F7-4668-BE54-9A1E7A4F7556}") = "Task_C", "Section_2\Task_C\Task_C.csproj", "{864530AE-6767-4599-996A-7BE1CD6CED53}"
EndProject
Project("{9A19103F-16F7-4668-BE54-9A1E7A4F7556}") = "Task_D", "Section_2\Task_D\Task_D.csproj", "{F8131AFC-327B-4DDA-8BAF-85D9F0ED42C4}"
EndProject
Project("{9A19103F-16F7-4668-BE54-9A1E7A4F7556}") = "Task_E", "Section_2\Task_E\Task_E.csproj", "{60723E96-72FF-4E84-A351-B82063724AA6}"
EndProject
Project("{9A19103F-16F7-4668-BE54-9A1E7A4F7556}") = "Task_F", "Section_2\Task_F\Task_F.csproj", "{5EA7ACEE-FB83-4081-872A-D23DB71D7F05}"
EndProject
Project("{9A19103F-16F7-4668-BE54-9A1E7A4F7556}") = "Task_G", "Section_2\Task_G\Task_G.csproj", "{A8C98DF2-7F7B-4804-9C39-AFEF3B1FE080}"
EndProject
Project("{9A19103F-16F7-4668-BE54-9A1E7A4F7556}") = "Task_H", "Section_2\Task_H\Task_H.csproj", "{B34C8BB5-3146-4E4B-A4D4-2ADE816B3610}"
EndProject
Project("{9A19103F-16F7-4668-BE54-9A1E7A4F7556}") = "Task_I", "Section_2\Task_I\Task_I.csproj", "{90D793C3-EA59-40E4-8130-24CCF857B52F}"
EndProject
Project("{9A19103F-16F7-4668-BE54-9A1E7A4F7556}") = "Task_J", "Section_2\Task_J\Task_J.csproj", "{356ED807-5411-492A-9E0C-FAFD1A809BD7}"
EndProject
Project("{9A19103F-16F7-4668-BE54-9A1E7A4F7556}") = "Task_K", "Section_2\Task_K\Task_K.csproj", "{7037FE71-87CD-4AF7-9C48-C3E40070357B}"
EndProject
Project("{9A19103F-16F7-4668-BE54-9A1E7A4F7556}") = "Task_L", "Section_2\Task_L\Task_L.csproj", "{D2FEB02A-0368-4A74-AAFE-13BFFD539FF7}"
EndProject
Project("{9A19103F-16F7-4668-BE54-9A1E7A4F7556}") = "Final_A", "Section_2\Task_Final_A\Final_A\Final_A.csproj", "{1046AD4B-03DE-4A3E-84C6-3F71C2A2F211}"
EndProject
Project("{9A19103F-16F7-4668-BE54-9A1E7A4F7556}") = "Final_B", "Section_2\Final_B\Final_B.csproj", "{9DDAA852-1FEB-4FA1-83F2-E7DEAA3D7A4B}"
EndProject
Project("{2150E333-8FDC-42A3-9474-1A3956D46DE8}") = "Section_3", "Section_3", "{08C91D93-66E7-4D6C-A2BE-B79B0BD61D3B}"
	ProjectSection(SolutionItems) = preProject
		Section_3\readMe.md = Section_3\readMe.md
	EndProjectSection
EndProject
Project("{9A19103F-16F7-4668-BE54-9A1E7A4F7556}") = "Task_L", "Section_3\Task_L\Task_L.csproj", "{BD684564-3A0C-41F6-B5C0-B1D34DC63F3C}"
EndProject
Project("{9A19103F-16F7-4668-BE54-9A1E7A4F7556}") = "Task_A", "Section_3\Task_A\Task_A.csproj", "{8C15819F-21AE-42D5-B491-7E15426A899B}"
EndProject
Project("{9A19103F-16F7-4668-BE54-9A1E7A4F7556}") = "Theory", "Section_3\Algorithms\Theory.csproj", "{0A2718B2-EBCB-4E99-8F25-83E073E982AF}"
EndProject
Project("{9A19103F-16F7-4668-BE54-9A1E7A4F7556}") = "Task_B", "Section_3\Task_B\Task_B.csproj", "{8A02BE0F-1EC9-4BAE-AC87-7064BA0C992E}"
EndProject
Project("{9A19103F-16F7-4668-BE54-9A1E7A4F7556}") = "Task_J", "Section_3\Task_J\Task_J.csproj", "{2A62C202-4A1A-4629-9761-C6F0754835C1}"
EndProject
Project("{9A19103F-16F7-4668-BE54-9A1E7A4F7556}") = "Task_H", "Section_3\Task_H\Task_H.csproj", "{58C2429F-286B-4483-ACE7-AA1D1B5A9909}"
EndProject
Project("{9A19103F-16F7-4668-BE54-9A1E7A4F7556}") = "Task_K", "Section_3\Task_K\Task_K.csproj", "{CF875F70-0FEE-4998-AB3D-DB8C833AFE64}"
EndProject
Project("{9A19103F-16F7-4668-BE54-9A1E7A4F7556}") = "Final_A", "Section_3\Final_A\Final_A.csproj", "{4012FBBE-C3FB-42DB-B049-0866C8B2E32B}"
EndProject
Project("{9A19103F-16F7-4668-BE54-9A1E7A4F7556}") = "Final_B", "Section_3\Final_B\Final_B.csproj", "{D38BAA62-DE06-4305-96B1-44F7B3EDCFD4}"
EndProject
Project("{9A19103F-16F7-4668-BE54-9A1E7A4F7556}") = "Task_C", "Section_3\Task_C\Task_C.csproj", "{EBE18572-CC43-491D-8923-546AC80FE1B4}"
EndProject
Project("{9A19103F-16F7-4668-BE54-9A1E7A4F7556}") = "Task_G", "Section_3\Task_G\Task_G.csproj", "{CD8C01FD-BDD9-4D3F-A13C-957A03B224E3}"
EndProject
Project("{9A19103F-16F7-4668-BE54-9A1E7A4F7556}") = "Task_E", "Section_3\Task_E\Task_E.csproj", "{31785CE6-A0A5-469A-B4B1-94A7AD7DA793}"
EndProject
Project("{9A19103F-16F7-4668-BE54-9A1E7A4F7556}") = "Task_D", "Section_3\Task_D\Task_D.csproj", "{AEAC4391-C89F-4140-BED7-3559FBB6CE55}"
EndProject
Project("{2150E333-8FDC-42A3-9474-1A3956D46DE8}") = "Section_4", "Section_4", "{CAFF9C5F-4903-4B39-A545-A6CBCB6FEFCE}"
EndProject
Project("{9A19103F-16F7-4668-BE54-9A1E7A4F7556}") = "Theory", "Section_4\Algorithns4\Theory.csproj", "{793306DD-3119-4307-9A3E-C0367CB7B57A}"
EndProject
Project("{9A19103F-16F7-4668-BE54-9A1E7A4F7556}") = "Task_D", "Section_4\Task_D\Task_D.csproj", "{19AEBD7A-3657-42BD-B5B1-21C80F79D8FF}"
EndProject
Project("{9A19103F-16F7-4668-BE54-9A1E7A4F7556}") = "Task_G", "Section_4\Task_G\Task_G.csproj", "{5D5783E9-621B-4B1C-B1E2-4FA57E57521C}"
EndProject
Project("{9A19103F-16F7-4668-BE54-9A1E7A4F7556}") = "Task_A", "Section_4\Task_A\Task_A.csproj", "{87A30CAE-2E57-412C-9CCA-40E306D56941}"
EndProject
Project("{9A19103F-16F7-4668-BE54-9A1E7A4F7556}") = "Task_B", "Section_4\Task_B\Task_B.csproj", "{1216DCE0-3796-4CBD-9103-B1AF80323409}"
EndProject
Project("{9A19103F-16F7-4668-BE54-9A1E7A4F7556}") = "Task_C", "Section_4\Task_C\Task_C.csproj", "{B4FD66E2-CA8D-4475-9D45-73D99E45A5E5}"
EndProject
Project("{9A19103F-16F7-4668-BE54-9A1E7A4F7556}") = "Task_H", "Section_4\Task_H\Task_H.csproj", "{04EA7685-5D97-464D-9DE7-D91652DC5EB8}"
EndProject
Project("{9A19103F-16F7-4668-BE54-9A1E7A4F7556}") = "Task_J", "Section_4\Task_J\Task_J.csproj", "{2EE66905-AB09-4AAC-9304-779D7687E242}"
EndProject
Project("{9A19103F-16F7-4668-BE54-9A1E7A4F7556}") = "Task_E", "Section_4\Task_E\Task_E.csproj", "{53D39013-BA61-4E60-93B0-89064BB23598}"
EndProject
Project("{9A19103F-16F7-4668-BE54-9A1E7A4F7556}") = "Final_A", "Section_4\Final_A\Final_A.csproj", "{E236CC1D-9E8F-48F4-B3D9-8766627C5F6A}"
EndProject
Project("{9A19103F-16F7-4668-BE54-9A1E7A4F7556}") = "Final_B", "Section_4\Final_B\Final_B.csproj", "{F9EFBC0E-8E1B-4A10-8217-FFA14CC33FB0}"
EndProject
Project("{2150E333-8FDC-42A3-9474-1A3956D46DE8}") = "Section_5", "Section_5", "{E23C298E-9A3C-4BC9-AAD8-2B353AF39258}"
EndProject
Project("{9A19103F-16F7-4668-BE54-9A1E7A4F7556}") = "Task_A", "Section_5\Task_A\Task_A.csproj", "{0AABFF93-22B3-4766-A153-5041F45C2126}"
EndProject
Project("{9A19103F-16F7-4668-BE54-9A1E7A4F7556}") = "Task_E", "Section_5\Task_E\Task_E.csproj", "{BD15D1C7-7687-418C-8A34-E5754284082E}"
EndProject
Project("{9A19103F-16F7-4668-BE54-9A1E7A4F7556}") = "Task_K", "Section_5\Task_K\Task_K.csproj", "{6FAE20A0-AE08-42E9-848B-D33E6CB35A0A}"
EndProject
Project("{9A19103F-16F7-4668-BE54-9A1E7A4F7556}") = "Task_I", "Section_5\Task_I\Task_I.csproj", "{D0952BDF-FF74-4C60-8F68-FE797E63FE1A}"
EndProject
Project("{9A19103F-16F7-4668-BE54-9A1E7A4F7556}") = "Theory", "Section_5\Algorithms\Theory.csproj", "{2E671267-999D-4B47-B13B-CF60CB9E97F2}"
EndProject
Project("{9A19103F-16F7-4668-BE54-9A1E7A4F7556}") = "Task_J", "Section_5\Task_J\Task_J.csproj", "{61DD8145-D956-4D63-85C2-4A2C7FDE2A24}"
EndProject
Project("{9A19103F-16F7-4668-BE54-9A1E7A4F7556}") = "Task_B", "Section_5\Task_B\Task_B.csproj", "{15D01460-CA72-4BA9-AE9B-AB4AE5338D39}"
EndProject
Project("{9A19103F-16F7-4668-BE54-9A1E7A4F7556}") = "Task_L", "Section_5\Task_L\Task_L.csproj", "{B0CF3993-D336-4F9B-9BC7-7F2B889E4B3A}"
EndProject
Project("{9A19103F-16F7-4668-BE54-9A1E7A4F7556}") = "Task_M", "Section_5\Task_M\Task_M.csproj", "{BC9A4559-1F24-4654-9321-F75D2D179AC2}"
EndProject
Project("{9A19103F-16F7-4668-BE54-9A1E7A4F7556}") = "Task_N", "Section_5\Task_N\Task_N.csproj", "{722B70FE-C020-4E90-9A4F-57B8E6666CED}"
EndProject
Project("{9A19103F-16F7-4668-BE54-9A1E7A4F7556}") = "Final_A", "Section_5\Final_A\Final_A.csproj", "{0F03D5EF-1282-4C83-94B3-88D40FF69A13}"
EndProject
Project("{9A19103F-16F7-4668-BE54-9A1E7A4F7556}") = "Final_B", "Section_5\Final_B\Final_B.csproj", "{13C30B2D-E99F-4293-8314-B452A71267CC}"
EndProject
Project("{9A19103F-16F7-4668-BE54-9A1E7A4F7556}") = "Task_A", "Section_6\Task_A\Task_A.csproj", "{B0B4FE45-EDCB-48A0-BAAF-F4B2FF4430C6}"
EndProject
Project("{2150E333-8FDC-42A3-9474-1A3956D46DE8}") = "Section_6", "Section_6", "{9E525B85-4920-4069-A17A-16B1E6B4B9EE}"
EndProject
Project("{9A19103F-16F7-4668-BE54-9A1E7A4F7556}") = "Task_B", "Section_6\Task_B\Task_B.csproj", "{1D3BD2D4-9BD7-4179-9328-93931FDAB21D}"
EndProject
Project("{9A19103F-16F7-4668-BE54-9A1E7A4F7556}") = "Task_C", "Section_6\Task_C\Task_C.csproj", "{D23ECD4A-CE71-4466-ADCB-87CBE2053DD9}"
EndProject
Project("{9A19103F-16F7-4668-BE54-9A1E7A4F7556}") = "Task_H", "Section_6\Task_H\Task_H.csproj", "{CBF01E5A-63CE-4B19-B84E-D8764000D62D}"
EndProject
Project("{9A19103F-16F7-4668-BE54-9A1E7A4F7556}") = "Task_J", "Section_6\Task_J\Task_J.csproj", "{9854D954-0030-4F9E-B26C-D10CBC86A725}"
EndProject
Project("{9A19103F-16F7-4668-BE54-9A1E7A4F7556}") = "Task_E", "Section_6\Task_E\Task_E.csproj", "{BF4EEC4A-4ECD-48E7-A926-3BADEA0B8002}"
EndProject
Project("{9A19103F-16F7-4668-BE54-9A1E7A4F7556}") = "Task_D", "Section_6\Task_D\Task_D.csproj", "{157F3EB6-DA46-47E7-B441-0A6EFBCC9FA6}"
EndProject
Project("{9A19103F-16F7-4668-BE54-9A1E7A4F7556}") = "Task_F", "Section_6\Task_F\Task_F.csproj", "{AC5235AD-9B79-495E-9F89-5E5D88ECB801}"
EndProject
Project("{9A19103F-16F7-4668-BE54-9A1E7A4F7556}") = "Task_G", "Section_6\Task_G\Task_G.csproj", "{CF9B8AAC-E65D-4795-AA68-5769EC9B4A03}"
EndProject
Project("{9A19103F-16F7-4668-BE54-9A1E7A4F7556}") = "Task_K", "Section_6\Task_K\Task_K.csproj", "{30F33207-8FE7-41A4-B3B4-D6560675931F}"
EndProject
Project("{9A19103F-16F7-4668-BE54-9A1E7A4F7556}") = "Final_A", "Section_6\Final_A\Final_A.csproj", "{31D0C543-0D11-497E-B5DA-53363B5325B5}"
EndProject
Project("{9A19103F-16F7-4668-BE54-9A1E7A4F7556}") = "Final_B", "Section_6\Final_B\Final_B.csproj", "{D1560DBF-D6D5-4D8A-84FF-9955F61FA713}"
EndProject
Project("{2150E333-8FDC-42A3-9474-1A3956D46DE8}") = "Section_7", "Section_7", "{1CC147B7-D667-4107-B523-DE5AE9B36196}"
EndProject
Project("{9A19103F-16F7-4668-BE54-9A1E7A4F7556}") = "Task_A", "Section_7\Task_A\Task_A.csproj", "{11E40678-215C-4412-973E-27C0837C1495}"
EndProject
Project("{9A19103F-16F7-4668-BE54-9A1E7A4F7556}") = "Task_B", "Section_7\Task_B\Task_B.csproj", "{C4A24EDD-D87C-4AF4-84C3-CC01AF33CE7E}"
EndProject
Project("{9A19103F-16F7-4668-BE54-9A1E7A4F7556}") = "Task_C", "Section_7\Task_C\Task_C.csproj", "{02CF10BC-67F5-44AF-846B-A132BF1A9B79}"
EndProject
Project("{9A19103F-16F7-4668-BE54-9A1E7A4F7556}") = "Task_F", "Section_7\Task_F\Task_F.csproj", "{2A8E99F6-A1A9-487C-96FE-3E1E748DE30E}"
EndProject
Project("{9A19103F-16F7-4668-BE54-9A1E7A4F7556}") = "Task_H", "Section_7\Task_H\Task_H.csproj", "{2B64212F-2CAE-4C2B-A86E-46669B046B2D}"
EndProject
Project("{9A19103F-16F7-4668-BE54-9A1E7A4F7556}") = "Task_I", "Section_7\TasK_I\Task_I.csproj", "{CF955C06-D385-4677-93CB-992C6EF5DB35}"
EndProject
Project("{9A19103F-16F7-4668-BE54-9A1E7A4F7556}") = "Task_D", "Section_7\Task_D\Task_D.csproj", "{E125DA66-852F-4933-9968-910091842941}"
EndProject
Project("{9A19103F-16F7-4668-BE54-9A1E7A4F7556}") = "Task_L", "Section_7\Task_L\Task_L.csproj", "{DD62F66D-240D-4097-AB09-36EF4A9AB2C9}"
EndProject
Project("{9A19103F-16F7-4668-BE54-9A1E7A4F7556}") = "Task_K", "Section_7\Task_K\Task_K.csproj", "{072FCC68-24AD-4E6A-A86E-F4559BC424DF}"
EndProject
Project("{9A19103F-16F7-4668-BE54-9A1E7A4F7556}") = "Task_J", "Section_7\Task_J\Task_J.csproj", "{2FEF73E2-589F-4A5C-8F74-099FB26BD4CC}"
EndProject
Project("{9A19103F-16F7-4668-BE54-9A1E7A4F7556}") = "Final_A", "Section_7\Final_A\Final_A.csproj", "{812AC83A-E18B-4E3D-98AC-766459FF130E}"
EndProject
Project("{9A19103F-16F7-4668-BE54-9A1E7A4F7556}") = "Final_B", "Section_7\Final_B\Final_B.csproj", "{47F47CB7-A29B-4595-B6EC-F4E4E048FBD7}"
EndProject
Project("{2150E333-8FDC-42A3-9474-1A3956D46DE8}") = "Section_8", "Section_8", "{81156E74-3267-44F5-BF6C-9D72FF55B38E}"
EndProject
Project("{9A19103F-16F7-4668-BE54-9A1E7A4F7556}") = "Theory", "Section_8\Theory\Theory.csproj", "{F928F3C7-EBC1-4ED9-8EA0-B05C83B78247}"
EndProject
Project("{9A19103F-16F7-4668-BE54-9A1E7A4F7556}") = "Task_A", "Section_8\Task_A\Task_A.csproj", "{6234D3A4-5C42-4FD4-8C42-836BD1550356}"
EndProject
Project("{9A19103F-16F7-4668-BE54-9A1E7A4F7556}") = "Task_E", "Section_8\Task_E\Task_E.csproj", "{B90F559F-60C1-45F3-9F15-2A53C8259CD1}"
EndProject
Project("{9A19103F-16F7-4668-BE54-9A1E7A4F7556}") = "Task_F", "Section_4\Task_F\Task_F.csproj", "{2DF41B89-2CDD-4798-98DB-BD3D681DF753}"
EndProject
Project("{9A19103F-16F7-4668-BE54-9A1E7A4F7556}") = "Task_B", "Section_8\Task_B\Task_B.csproj", "{8F00F79D-8A3C-40A7-8FFC-FD679C0B6E6C}"
EndProject
Project("{9A19103F-16F7-4668-BE54-9A1E7A4F7556}") = "Task_K", "Section_8\Task_K\Task_K.csproj", "{55157A65-C610-4650-9A15-71578EEE45D3}"
EndProject
Project("{9A19103F-16F7-4668-BE54-9A1E7A4F7556}") = "Task_G", "Section_8\Task_G\Task_G.csproj", "{C2599D85-F504-429F-AB26-9EBE6E9B84AB}"
EndProject
Project("{9A19103F-16F7-4668-BE54-9A1E7A4F7556}") = "Task_L", "Section_8\Task_L\Task_L.csproj", "{58202DC3-B049-4B6D-A5B2-8A24F8FCA6C7}"
EndProject
Project("{9A19103F-16F7-4668-BE54-9A1E7A4F7556}") = "Task_H", "Section_8\Task_H\Task_H.csproj", "{F6A9F036-FC68-470D-8526-6455FDBD43C0}"
EndProject
Project("{9A19103F-16F7-4668-BE54-9A1E7A4F7556}") = "Final_A", "Section_8\Final_A\Final_A.csproj", "{9878DB6C-FF0B-4F81-8702-8262A02F00EC}"
EndProject
Project("{FAE04EC0-301F-11D3-BF4B-00C04F79EFBC}") = "Final_B", "Section_8\Final_B\Final_B.csproj", "{0D676EF6-387A-43DB-B4D0-75F02A915C89}"
EndProject
Global
	GlobalSection(SolutionConfigurationPlatforms) = preSolution
		Debug|Any CPU = Debug|Any CPU
		Release|Any CPU = Release|Any CPU
	EndGlobalSection
	GlobalSection(ProjectConfigurationPlatforms) = postSolution
		{C66F8910-8651-43D1-B303-525223542ACA}.Debug|Any CPU.ActiveCfg = Debug|Any CPU
		{C66F8910-8651-43D1-B303-525223542ACA}.Debug|Any CPU.Build.0 = Debug|Any CPU
		{C66F8910-8651-43D1-B303-525223542ACA}.Release|Any CPU.ActiveCfg = Release|Any CPU
		{C66F8910-8651-43D1-B303-525223542ACA}.Release|Any CPU.Build.0 = Release|Any CPU
		{C9848FC7-6ED2-4336-BF3C-631EE96F9C48}.Debug|Any CPU.ActiveCfg = Debug|Any CPU
		{C9848FC7-6ED2-4336-BF3C-631EE96F9C48}.Debug|Any CPU.Build.0 = Debug|Any CPU
		{C9848FC7-6ED2-4336-BF3C-631EE96F9C48}.Release|Any CPU.ActiveCfg = Release|Any CPU
		{C9848FC7-6ED2-4336-BF3C-631EE96F9C48}.Release|Any CPU.Build.0 = Release|Any CPU
		{68D3201A-F735-4162-9D7B-3DB59B033CFB}.Debug|Any CPU.ActiveCfg = Debug|Any CPU
		{68D3201A-F735-4162-9D7B-3DB59B033CFB}.Debug|Any CPU.Build.0 = Debug|Any CPU
		{68D3201A-F735-4162-9D7B-3DB59B033CFB}.Release|Any CPU.ActiveCfg = Release|Any CPU
		{68D3201A-F735-4162-9D7B-3DB59B033CFB}.Release|Any CPU.Build.0 = Release|Any CPU
		{0468AF72-57A5-4AA2-9C27-F81B8BE87CFB}.Debug|Any CPU.ActiveCfg = Debug|Any CPU
		{0468AF72-57A5-4AA2-9C27-F81B8BE87CFB}.Debug|Any CPU.Build.0 = Debug|Any CPU
		{0468AF72-57A5-4AA2-9C27-F81B8BE87CFB}.Release|Any CPU.ActiveCfg = Release|Any CPU
		{0468AF72-57A5-4AA2-9C27-F81B8BE87CFB}.Release|Any CPU.Build.0 = Release|Any CPU
		{B0ACA5ED-FBFC-4279-AC73-49CAAD076310}.Debug|Any CPU.ActiveCfg = Debug|Any CPU
		{B0ACA5ED-FBFC-4279-AC73-49CAAD076310}.Debug|Any CPU.Build.0 = Debug|Any CPU
		{B0ACA5ED-FBFC-4279-AC73-49CAAD076310}.Release|Any CPU.ActiveCfg = Release|Any CPU
		{B0ACA5ED-FBFC-4279-AC73-49CAAD076310}.Release|Any CPU.Build.0 = Release|Any CPU
		{54034291-8519-4369-A7C5-7AF04869607D}.Debug|Any CPU.ActiveCfg = Debug|Any CPU
		{54034291-8519-4369-A7C5-7AF04869607D}.Debug|Any CPU.Build.0 = Debug|Any CPU
		{54034291-8519-4369-A7C5-7AF04869607D}.Release|Any CPU.ActiveCfg = Release|Any CPU
		{54034291-8519-4369-A7C5-7AF04869607D}.Release|Any CPU.Build.0 = Release|Any CPU
		{34C92AAF-9424-422D-A8D1-2EDA8D62528E}.Debug|Any CPU.ActiveCfg = Debug|Any CPU
		{34C92AAF-9424-422D-A8D1-2EDA8D62528E}.Debug|Any CPU.Build.0 = Debug|Any CPU
		{34C92AAF-9424-422D-A8D1-2EDA8D62528E}.Release|Any CPU.ActiveCfg = Release|Any CPU
		{34C92AAF-9424-422D-A8D1-2EDA8D62528E}.Release|Any CPU.Build.0 = Release|Any CPU
		{FBE21C19-AD58-4865-83C1-AB0E1A2BB205}.Debug|Any CPU.ActiveCfg = Debug|Any CPU
		{FBE21C19-AD58-4865-83C1-AB0E1A2BB205}.Debug|Any CPU.Build.0 = Debug|Any CPU
		{FBE21C19-AD58-4865-83C1-AB0E1A2BB205}.Release|Any CPU.ActiveCfg = Release|Any CPU
		{FBE21C19-AD58-4865-83C1-AB0E1A2BB205}.Release|Any CPU.Build.0 = Release|Any CPU
		{99676C04-C272-42AB-8041-A263F0B3B530}.Debug|Any CPU.ActiveCfg = Debug|Any CPU
		{99676C04-C272-42AB-8041-A263F0B3B530}.Debug|Any CPU.Build.0 = Debug|Any CPU
		{99676C04-C272-42AB-8041-A263F0B3B530}.Release|Any CPU.ActiveCfg = Release|Any CPU
		{99676C04-C272-42AB-8041-A263F0B3B530}.Release|Any CPU.Build.0 = Release|Any CPU
		{1FA4A8F5-2B2C-40A9-93E7-C5DD7890C8E4}.Debug|Any CPU.ActiveCfg = Debug|Any CPU
		{1FA4A8F5-2B2C-40A9-93E7-C5DD7890C8E4}.Debug|Any CPU.Build.0 = Debug|Any CPU
		{1FA4A8F5-2B2C-40A9-93E7-C5DD7890C8E4}.Release|Any CPU.ActiveCfg = Release|Any CPU
		{1FA4A8F5-2B2C-40A9-93E7-C5DD7890C8E4}.Release|Any CPU.Build.0 = Release|Any CPU
		{864530AE-6767-4599-996A-7BE1CD6CED53}.Debug|Any CPU.ActiveCfg = Debug|Any CPU
		{864530AE-6767-4599-996A-7BE1CD6CED53}.Debug|Any CPU.Build.0 = Debug|Any CPU
		{864530AE-6767-4599-996A-7BE1CD6CED53}.Release|Any CPU.ActiveCfg = Release|Any CPU
		{864530AE-6767-4599-996A-7BE1CD6CED53}.Release|Any CPU.Build.0 = Release|Any CPU
		{F8131AFC-327B-4DDA-8BAF-85D9F0ED42C4}.Debug|Any CPU.ActiveCfg = Debug|Any CPU
		{F8131AFC-327B-4DDA-8BAF-85D9F0ED42C4}.Debug|Any CPU.Build.0 = Debug|Any CPU
		{F8131AFC-327B-4DDA-8BAF-85D9F0ED42C4}.Release|Any CPU.ActiveCfg = Release|Any CPU
		{F8131AFC-327B-4DDA-8BAF-85D9F0ED42C4}.Release|Any CPU.Build.0 = Release|Any CPU
		{60723E96-72FF-4E84-A351-B82063724AA6}.Debug|Any CPU.ActiveCfg = Debug|Any CPU
		{60723E96-72FF-4E84-A351-B82063724AA6}.Debug|Any CPU.Build.0 = Debug|Any CPU
		{60723E96-72FF-4E84-A351-B82063724AA6}.Release|Any CPU.ActiveCfg = Release|Any CPU
		{60723E96-72FF-4E84-A351-B82063724AA6}.Release|Any CPU.Build.0 = Release|Any CPU
		{5EA7ACEE-FB83-4081-872A-D23DB71D7F05}.Debug|Any CPU.ActiveCfg = Debug|Any CPU
		{5EA7ACEE-FB83-4081-872A-D23DB71D7F05}.Debug|Any CPU.Build.0 = Debug|Any CPU
		{5EA7ACEE-FB83-4081-872A-D23DB71D7F05}.Release|Any CPU.ActiveCfg = Release|Any CPU
		{5EA7ACEE-FB83-4081-872A-D23DB71D7F05}.Release|Any CPU.Build.0 = Release|Any CPU
		{A8C98DF2-7F7B-4804-9C39-AFEF3B1FE080}.Debug|Any CPU.ActiveCfg = Debug|Any CPU
		{A8C98DF2-7F7B-4804-9C39-AFEF3B1FE080}.Debug|Any CPU.Build.0 = Debug|Any CPU
		{A8C98DF2-7F7B-4804-9C39-AFEF3B1FE080}.Release|Any CPU.ActiveCfg = Release|Any CPU
		{A8C98DF2-7F7B-4804-9C39-AFEF3B1FE080}.Release|Any CPU.Build.0 = Release|Any CPU
		{B34C8BB5-3146-4E4B-A4D4-2ADE816B3610}.Debug|Any CPU.ActiveCfg = Debug|Any CPU
		{B34C8BB5-3146-4E4B-A4D4-2ADE816B3610}.Debug|Any CPU.Build.0 = Debug|Any CPU
		{B34C8BB5-3146-4E4B-A4D4-2ADE816B3610}.Release|Any CPU.ActiveCfg = Release|Any CPU
		{B34C8BB5-3146-4E4B-A4D4-2ADE816B3610}.Release|Any CPU.Build.0 = Release|Any CPU
		{90D793C3-EA59-40E4-8130-24CCF857B52F}.Debug|Any CPU.ActiveCfg = Debug|Any CPU
		{90D793C3-EA59-40E4-8130-24CCF857B52F}.Debug|Any CPU.Build.0 = Debug|Any CPU
		{90D793C3-EA59-40E4-8130-24CCF857B52F}.Release|Any CPU.ActiveCfg = Release|Any CPU
		{90D793C3-EA59-40E4-8130-24CCF857B52F}.Release|Any CPU.Build.0 = Release|Any CPU
		{356ED807-5411-492A-9E0C-FAFD1A809BD7}.Debug|Any CPU.ActiveCfg = Debug|Any CPU
		{356ED807-5411-492A-9E0C-FAFD1A809BD7}.Debug|Any CPU.Build.0 = Debug|Any CPU
		{356ED807-5411-492A-9E0C-FAFD1A809BD7}.Release|Any CPU.ActiveCfg = Release|Any CPU
		{356ED807-5411-492A-9E0C-FAFD1A809BD7}.Release|Any CPU.Build.0 = Release|Any CPU
		{7037FE71-87CD-4AF7-9C48-C3E40070357B}.Debug|Any CPU.ActiveCfg = Debug|Any CPU
		{7037FE71-87CD-4AF7-9C48-C3E40070357B}.Debug|Any CPU.Build.0 = Debug|Any CPU
		{7037FE71-87CD-4AF7-9C48-C3E40070357B}.Release|Any CPU.ActiveCfg = Release|Any CPU
		{7037FE71-87CD-4AF7-9C48-C3E40070357B}.Release|Any CPU.Build.0 = Release|Any CPU
		{D2FEB02A-0368-4A74-AAFE-13BFFD539FF7}.Debug|Any CPU.ActiveCfg = Debug|Any CPU
		{D2FEB02A-0368-4A74-AAFE-13BFFD539FF7}.Debug|Any CPU.Build.0 = Debug|Any CPU
		{D2FEB02A-0368-4A74-AAFE-13BFFD539FF7}.Release|Any CPU.ActiveCfg = Release|Any CPU
		{D2FEB02A-0368-4A74-AAFE-13BFFD539FF7}.Release|Any CPU.Build.0 = Release|Any CPU
		{1046AD4B-03DE-4A3E-84C6-3F71C2A2F211}.Debug|Any CPU.ActiveCfg = Debug|Any CPU
		{1046AD4B-03DE-4A3E-84C6-3F71C2A2F211}.Debug|Any CPU.Build.0 = Debug|Any CPU
		{1046AD4B-03DE-4A3E-84C6-3F71C2A2F211}.Release|Any CPU.ActiveCfg = Release|Any CPU
		{1046AD4B-03DE-4A3E-84C6-3F71C2A2F211}.Release|Any CPU.Build.0 = Release|Any CPU
		{9DDAA852-1FEB-4FA1-83F2-E7DEAA3D7A4B}.Debug|Any CPU.ActiveCfg = Debug|Any CPU
		{9DDAA852-1FEB-4FA1-83F2-E7DEAA3D7A4B}.Debug|Any CPU.Build.0 = Debug|Any CPU
		{9DDAA852-1FEB-4FA1-83F2-E7DEAA3D7A4B}.Release|Any CPU.ActiveCfg = Release|Any CPU
		{9DDAA852-1FEB-4FA1-83F2-E7DEAA3D7A4B}.Release|Any CPU.Build.0 = Release|Any CPU
		{BD684564-3A0C-41F6-B5C0-B1D34DC63F3C}.Debug|Any CPU.ActiveCfg = Debug|Any CPU
		{BD684564-3A0C-41F6-B5C0-B1D34DC63F3C}.Debug|Any CPU.Build.0 = Debug|Any CPU
		{BD684564-3A0C-41F6-B5C0-B1D34DC63F3C}.Release|Any CPU.ActiveCfg = Release|Any CPU
		{BD684564-3A0C-41F6-B5C0-B1D34DC63F3C}.Release|Any CPU.Build.0 = Release|Any CPU
		{8C15819F-21AE-42D5-B491-7E15426A899B}.Debug|Any CPU.ActiveCfg = Debug|Any CPU
		{8C15819F-21AE-42D5-B491-7E15426A899B}.Debug|Any CPU.Build.0 = Debug|Any CPU
		{8C15819F-21AE-42D5-B491-7E15426A899B}.Release|Any CPU.ActiveCfg = Release|Any CPU
		{8C15819F-21AE-42D5-B491-7E15426A899B}.Release|Any CPU.Build.0 = Release|Any CPU
		{0A2718B2-EBCB-4E99-8F25-83E073E982AF}.Debug|Any CPU.ActiveCfg = Debug|Any CPU
		{0A2718B2-EBCB-4E99-8F25-83E073E982AF}.Debug|Any CPU.Build.0 = Debug|Any CPU
		{0A2718B2-EBCB-4E99-8F25-83E073E982AF}.Release|Any CPU.ActiveCfg = Release|Any CPU
		{0A2718B2-EBCB-4E99-8F25-83E073E982AF}.Release|Any CPU.Build.0 = Release|Any CPU
		{8A02BE0F-1EC9-4BAE-AC87-7064BA0C992E}.Debug|Any CPU.ActiveCfg = Debug|Any CPU
		{8A02BE0F-1EC9-4BAE-AC87-7064BA0C992E}.Debug|Any CPU.Build.0 = Debug|Any CPU
		{8A02BE0F-1EC9-4BAE-AC87-7064BA0C992E}.Release|Any CPU.ActiveCfg = Release|Any CPU
		{8A02BE0F-1EC9-4BAE-AC87-7064BA0C992E}.Release|Any CPU.Build.0 = Release|Any CPU
		{2A62C202-4A1A-4629-9761-C6F0754835C1}.Debug|Any CPU.ActiveCfg = Debug|Any CPU
		{2A62C202-4A1A-4629-9761-C6F0754835C1}.Debug|Any CPU.Build.0 = Debug|Any CPU
		{2A62C202-4A1A-4629-9761-C6F0754835C1}.Release|Any CPU.ActiveCfg = Release|Any CPU
		{2A62C202-4A1A-4629-9761-C6F0754835C1}.Release|Any CPU.Build.0 = Release|Any CPU
		{58C2429F-286B-4483-ACE7-AA1D1B5A9909}.Debug|Any CPU.ActiveCfg = Debug|Any CPU
		{58C2429F-286B-4483-ACE7-AA1D1B5A9909}.Debug|Any CPU.Build.0 = Debug|Any CPU
		{58C2429F-286B-4483-ACE7-AA1D1B5A9909}.Release|Any CPU.ActiveCfg = Release|Any CPU
		{58C2429F-286B-4483-ACE7-AA1D1B5A9909}.Release|Any CPU.Build.0 = Release|Any CPU
		{CF875F70-0FEE-4998-AB3D-DB8C833AFE64}.Debug|Any CPU.ActiveCfg = Debug|Any CPU
		{CF875F70-0FEE-4998-AB3D-DB8C833AFE64}.Debug|Any CPU.Build.0 = Debug|Any CPU
		{CF875F70-0FEE-4998-AB3D-DB8C833AFE64}.Release|Any CPU.ActiveCfg = Release|Any CPU
		{CF875F70-0FEE-4998-AB3D-DB8C833AFE64}.Release|Any CPU.Build.0 = Release|Any CPU
		{4012FBBE-C3FB-42DB-B049-0866C8B2E32B}.Debug|Any CPU.ActiveCfg = Debug|Any CPU
		{4012FBBE-C3FB-42DB-B049-0866C8B2E32B}.Debug|Any CPU.Build.0 = Debug|Any CPU
		{4012FBBE-C3FB-42DB-B049-0866C8B2E32B}.Release|Any CPU.ActiveCfg = Release|Any CPU
		{4012FBBE-C3FB-42DB-B049-0866C8B2E32B}.Release|Any CPU.Build.0 = Release|Any CPU
		{D38BAA62-DE06-4305-96B1-44F7B3EDCFD4}.Debug|Any CPU.ActiveCfg = Debug|Any CPU
		{D38BAA62-DE06-4305-96B1-44F7B3EDCFD4}.Debug|Any CPU.Build.0 = Debug|Any CPU
		{D38BAA62-DE06-4305-96B1-44F7B3EDCFD4}.Release|Any CPU.ActiveCfg = Release|Any CPU
		{D38BAA62-DE06-4305-96B1-44F7B3EDCFD4}.Release|Any CPU.Build.0 = Release|Any CPU
		{EBE18572-CC43-491D-8923-546AC80FE1B4}.Debug|Any CPU.ActiveCfg = Debug|Any CPU
		{EBE18572-CC43-491D-8923-546AC80FE1B4}.Debug|Any CPU.Build.0 = Debug|Any CPU
		{EBE18572-CC43-491D-8923-546AC80FE1B4}.Release|Any CPU.ActiveCfg = Release|Any CPU
		{EBE18572-CC43-491D-8923-546AC80FE1B4}.Release|Any CPU.Build.0 = Release|Any CPU
		{CD8C01FD-BDD9-4D3F-A13C-957A03B224E3}.Debug|Any CPU.ActiveCfg = Debug|Any CPU
		{CD8C01FD-BDD9-4D3F-A13C-957A03B224E3}.Debug|Any CPU.Build.0 = Debug|Any CPU
		{CD8C01FD-BDD9-4D3F-A13C-957A03B224E3}.Release|Any CPU.ActiveCfg = Release|Any CPU
		{CD8C01FD-BDD9-4D3F-A13C-957A03B224E3}.Release|Any CPU.Build.0 = Release|Any CPU
		{31785CE6-A0A5-469A-B4B1-94A7AD7DA793}.Debug|Any CPU.ActiveCfg = Debug|Any CPU
		{31785CE6-A0A5-469A-B4B1-94A7AD7DA793}.Debug|Any CPU.Build.0 = Debug|Any CPU
		{31785CE6-A0A5-469A-B4B1-94A7AD7DA793}.Release|Any CPU.ActiveCfg = Release|Any CPU
		{31785CE6-A0A5-469A-B4B1-94A7AD7DA793}.Release|Any CPU.Build.0 = Release|Any CPU
		{AEAC4391-C89F-4140-BED7-3559FBB6CE55}.Debug|Any CPU.ActiveCfg = Debug|Any CPU
		{AEAC4391-C89F-4140-BED7-3559FBB6CE55}.Debug|Any CPU.Build.0 = Debug|Any CPU
		{AEAC4391-C89F-4140-BED7-3559FBB6CE55}.Release|Any CPU.ActiveCfg = Release|Any CPU
		{AEAC4391-C89F-4140-BED7-3559FBB6CE55}.Release|Any CPU.Build.0 = Release|Any CPU
		{793306DD-3119-4307-9A3E-C0367CB7B57A}.Debug|Any CPU.ActiveCfg = Debug|Any CPU
		{793306DD-3119-4307-9A3E-C0367CB7B57A}.Debug|Any CPU.Build.0 = Debug|Any CPU
		{793306DD-3119-4307-9A3E-C0367CB7B57A}.Release|Any CPU.ActiveCfg = Release|Any CPU
		{793306DD-3119-4307-9A3E-C0367CB7B57A}.Release|Any CPU.Build.0 = Release|Any CPU
		{19AEBD7A-3657-42BD-B5B1-21C80F79D8FF}.Debug|Any CPU.ActiveCfg = Debug|Any CPU
		{19AEBD7A-3657-42BD-B5B1-21C80F79D8FF}.Debug|Any CPU.Build.0 = Debug|Any CPU
		{19AEBD7A-3657-42BD-B5B1-21C80F79D8FF}.Release|Any CPU.ActiveCfg = Release|Any CPU
		{19AEBD7A-3657-42BD-B5B1-21C80F79D8FF}.Release|Any CPU.Build.0 = Release|Any CPU
		{5D5783E9-621B-4B1C-B1E2-4FA57E57521C}.Debug|Any CPU.ActiveCfg = Debug|Any CPU
		{5D5783E9-621B-4B1C-B1E2-4FA57E57521C}.Debug|Any CPU.Build.0 = Debug|Any CPU
		{5D5783E9-621B-4B1C-B1E2-4FA57E57521C}.Release|Any CPU.ActiveCfg = Release|Any CPU
		{5D5783E9-621B-4B1C-B1E2-4FA57E57521C}.Release|Any CPU.Build.0 = Release|Any CPU
		{87A30CAE-2E57-412C-9CCA-40E306D56941}.Debug|Any CPU.ActiveCfg = Debug|Any CPU
		{87A30CAE-2E57-412C-9CCA-40E306D56941}.Debug|Any CPU.Build.0 = Debug|Any CPU
		{87A30CAE-2E57-412C-9CCA-40E306D56941}.Release|Any CPU.ActiveCfg = Release|Any CPU
		{87A30CAE-2E57-412C-9CCA-40E306D56941}.Release|Any CPU.Build.0 = Release|Any CPU
		{1216DCE0-3796-4CBD-9103-B1AF80323409}.Debug|Any CPU.ActiveCfg = Debug|Any CPU
		{1216DCE0-3796-4CBD-9103-B1AF80323409}.Debug|Any CPU.Build.0 = Debug|Any CPU
		{1216DCE0-3796-4CBD-9103-B1AF80323409}.Release|Any CPU.ActiveCfg = Release|Any CPU
		{1216DCE0-3796-4CBD-9103-B1AF80323409}.Release|Any CPU.Build.0 = Release|Any CPU
		{B4FD66E2-CA8D-4475-9D45-73D99E45A5E5}.Debug|Any CPU.ActiveCfg = Debug|Any CPU
		{B4FD66E2-CA8D-4475-9D45-73D99E45A5E5}.Debug|Any CPU.Build.0 = Debug|Any CPU
		{B4FD66E2-CA8D-4475-9D45-73D99E45A5E5}.Release|Any CPU.ActiveCfg = Release|Any CPU
		{B4FD66E2-CA8D-4475-9D45-73D99E45A5E5}.Release|Any CPU.Build.0 = Release|Any CPU
		{04EA7685-5D97-464D-9DE7-D91652DC5EB8}.Debug|Any CPU.ActiveCfg = Debug|Any CPU
		{04EA7685-5D97-464D-9DE7-D91652DC5EB8}.Debug|Any CPU.Build.0 = Debug|Any CPU
		{04EA7685-5D97-464D-9DE7-D91652DC5EB8}.Release|Any CPU.ActiveCfg = Release|Any CPU
		{04EA7685-5D97-464D-9DE7-D91652DC5EB8}.Release|Any CPU.Build.0 = Release|Any CPU
		{2EE66905-AB09-4AAC-9304-779D7687E242}.Debug|Any CPU.ActiveCfg = Debug|Any CPU
		{2EE66905-AB09-4AAC-9304-779D7687E242}.Debug|Any CPU.Build.0 = Debug|Any CPU
		{2EE66905-AB09-4AAC-9304-779D7687E242}.Release|Any CPU.ActiveCfg = Release|Any CPU
		{2EE66905-AB09-4AAC-9304-779D7687E242}.Release|Any CPU.Build.0 = Release|Any CPU
		{53D39013-BA61-4E60-93B0-89064BB23598}.Debug|Any CPU.ActiveCfg = Debug|Any CPU
		{53D39013-BA61-4E60-93B0-89064BB23598}.Debug|Any CPU.Build.0 = Debug|Any CPU
		{53D39013-BA61-4E60-93B0-89064BB23598}.Release|Any CPU.ActiveCfg = Release|Any CPU
		{53D39013-BA61-4E60-93B0-89064BB23598}.Release|Any CPU.Build.0 = Release|Any CPU
		{E236CC1D-9E8F-48F4-B3D9-8766627C5F6A}.Debug|Any CPU.ActiveCfg = Debug|Any CPU
		{E236CC1D-9E8F-48F4-B3D9-8766627C5F6A}.Debug|Any CPU.Build.0 = Debug|Any CPU
		{E236CC1D-9E8F-48F4-B3D9-8766627C5F6A}.Release|Any CPU.ActiveCfg = Release|Any CPU
		{E236CC1D-9E8F-48F4-B3D9-8766627C5F6A}.Release|Any CPU.Build.0 = Release|Any CPU
		{F9EFBC0E-8E1B-4A10-8217-FFA14CC33FB0}.Debug|Any CPU.ActiveCfg = Debug|Any CPU
		{F9EFBC0E-8E1B-4A10-8217-FFA14CC33FB0}.Debug|Any CPU.Build.0 = Debug|Any CPU
		{F9EFBC0E-8E1B-4A10-8217-FFA14CC33FB0}.Release|Any CPU.ActiveCfg = Release|Any CPU
		{F9EFBC0E-8E1B-4A10-8217-FFA14CC33FB0}.Release|Any CPU.Build.0 = Release|Any CPU
		{0AABFF93-22B3-4766-A153-5041F45C2126}.Debug|Any CPU.ActiveCfg = Debug|Any CPU
		{0AABFF93-22B3-4766-A153-5041F45C2126}.Debug|Any CPU.Build.0 = Debug|Any CPU
		{0AABFF93-22B3-4766-A153-5041F45C2126}.Release|Any CPU.ActiveCfg = Release|Any CPU
		{0AABFF93-22B3-4766-A153-5041F45C2126}.Release|Any CPU.Build.0 = Release|Any CPU
		{BD15D1C7-7687-418C-8A34-E5754284082E}.Debug|Any CPU.ActiveCfg = Debug|Any CPU
		{BD15D1C7-7687-418C-8A34-E5754284082E}.Debug|Any CPU.Build.0 = Debug|Any CPU
		{BD15D1C7-7687-418C-8A34-E5754284082E}.Release|Any CPU.ActiveCfg = Release|Any CPU
		{BD15D1C7-7687-418C-8A34-E5754284082E}.Release|Any CPU.Build.0 = Release|Any CPU
		{6FAE20A0-AE08-42E9-848B-D33E6CB35A0A}.Debug|Any CPU.ActiveCfg = Debug|Any CPU
		{6FAE20A0-AE08-42E9-848B-D33E6CB35A0A}.Debug|Any CPU.Build.0 = Debug|Any CPU
		{6FAE20A0-AE08-42E9-848B-D33E6CB35A0A}.Release|Any CPU.ActiveCfg = Release|Any CPU
		{6FAE20A0-AE08-42E9-848B-D33E6CB35A0A}.Release|Any CPU.Build.0 = Release|Any CPU
		{D0952BDF-FF74-4C60-8F68-FE797E63FE1A}.Debug|Any CPU.ActiveCfg = Debug|Any CPU
		{D0952BDF-FF74-4C60-8F68-FE797E63FE1A}.Debug|Any CPU.Build.0 = Debug|Any CPU
		{D0952BDF-FF74-4C60-8F68-FE797E63FE1A}.Release|Any CPU.ActiveCfg = Release|Any CPU
		{D0952BDF-FF74-4C60-8F68-FE797E63FE1A}.Release|Any CPU.Build.0 = Release|Any CPU
		{2E671267-999D-4B47-B13B-CF60CB9E97F2}.Debug|Any CPU.ActiveCfg = Debug|Any CPU
		{2E671267-999D-4B47-B13B-CF60CB9E97F2}.Debug|Any CPU.Build.0 = Debug|Any CPU
		{2E671267-999D-4B47-B13B-CF60CB9E97F2}.Release|Any CPU.ActiveCfg = Release|Any CPU
		{2E671267-999D-4B47-B13B-CF60CB9E97F2}.Release|Any CPU.Build.0 = Release|Any CPU
		{61DD8145-D956-4D63-85C2-4A2C7FDE2A24}.Debug|Any CPU.ActiveCfg = Debug|Any CPU
		{61DD8145-D956-4D63-85C2-4A2C7FDE2A24}.Debug|Any CPU.Build.0 = Debug|Any CPU
		{61DD8145-D956-4D63-85C2-4A2C7FDE2A24}.Release|Any CPU.ActiveCfg = Release|Any CPU
		{61DD8145-D956-4D63-85C2-4A2C7FDE2A24}.Release|Any CPU.Build.0 = Release|Any CPU
		{15D01460-CA72-4BA9-AE9B-AB4AE5338D39}.Debug|Any CPU.ActiveCfg = Debug|Any CPU
		{15D01460-CA72-4BA9-AE9B-AB4AE5338D39}.Debug|Any CPU.Build.0 = Debug|Any CPU
		{15D01460-CA72-4BA9-AE9B-AB4AE5338D39}.Release|Any CPU.ActiveCfg = Release|Any CPU
		{15D01460-CA72-4BA9-AE9B-AB4AE5338D39}.Release|Any CPU.Build.0 = Release|Any CPU
		{B0CF3993-D336-4F9B-9BC7-7F2B889E4B3A}.Debug|Any CPU.ActiveCfg = Debug|Any CPU
		{B0CF3993-D336-4F9B-9BC7-7F2B889E4B3A}.Debug|Any CPU.Build.0 = Debug|Any CPU
		{B0CF3993-D336-4F9B-9BC7-7F2B889E4B3A}.Release|Any CPU.ActiveCfg = Release|Any CPU
		{B0CF3993-D336-4F9B-9BC7-7F2B889E4B3A}.Release|Any CPU.Build.0 = Release|Any CPU
		{BC9A4559-1F24-4654-9321-F75D2D179AC2}.Debug|Any CPU.ActiveCfg = Debug|Any CPU
		{BC9A4559-1F24-4654-9321-F75D2D179AC2}.Debug|Any CPU.Build.0 = Debug|Any CPU
		{BC9A4559-1F24-4654-9321-F75D2D179AC2}.Release|Any CPU.ActiveCfg = Release|Any CPU
		{BC9A4559-1F24-4654-9321-F75D2D179AC2}.Release|Any CPU.Build.0 = Release|Any CPU
		{722B70FE-C020-4E90-9A4F-57B8E6666CED}.Debug|Any CPU.ActiveCfg = Debug|Any CPU
		{722B70FE-C020-4E90-9A4F-57B8E6666CED}.Debug|Any CPU.Build.0 = Debug|Any CPU
		{722B70FE-C020-4E90-9A4F-57B8E6666CED}.Release|Any CPU.ActiveCfg = Release|Any CPU
		{722B70FE-C020-4E90-9A4F-57B8E6666CED}.Release|Any CPU.Build.0 = Release|Any CPU
		{0F03D5EF-1282-4C83-94B3-88D40FF69A13}.Debug|Any CPU.ActiveCfg = Debug|Any CPU
		{0F03D5EF-1282-4C83-94B3-88D40FF69A13}.Debug|Any CPU.Build.0 = Debug|Any CPU
		{0F03D5EF-1282-4C83-94B3-88D40FF69A13}.Release|Any CPU.ActiveCfg = Release|Any CPU
		{0F03D5EF-1282-4C83-94B3-88D40FF69A13}.Release|Any CPU.Build.0 = Release|Any CPU
		{13C30B2D-E99F-4293-8314-B452A71267CC}.Debug|Any CPU.ActiveCfg = Debug|Any CPU
		{13C30B2D-E99F-4293-8314-B452A71267CC}.Debug|Any CPU.Build.0 = Debug|Any CPU
		{13C30B2D-E99F-4293-8314-B452A71267CC}.Release|Any CPU.ActiveCfg = Release|Any CPU
		{13C30B2D-E99F-4293-8314-B452A71267CC}.Release|Any CPU.Build.0 = Release|Any CPU
		{B0B4FE45-EDCB-48A0-BAAF-F4B2FF4430C6}.Debug|Any CPU.ActiveCfg = Debug|Any CPU
		{B0B4FE45-EDCB-48A0-BAAF-F4B2FF4430C6}.Debug|Any CPU.Build.0 = Debug|Any CPU
		{B0B4FE45-EDCB-48A0-BAAF-F4B2FF4430C6}.Release|Any CPU.ActiveCfg = Release|Any CPU
		{B0B4FE45-EDCB-48A0-BAAF-F4B2FF4430C6}.Release|Any CPU.Build.0 = Release|Any CPU
		{1D3BD2D4-9BD7-4179-9328-93931FDAB21D}.Debug|Any CPU.ActiveCfg = Debug|Any CPU
		{1D3BD2D4-9BD7-4179-9328-93931FDAB21D}.Debug|Any CPU.Build.0 = Debug|Any CPU
		{1D3BD2D4-9BD7-4179-9328-93931FDAB21D}.Release|Any CPU.ActiveCfg = Release|Any CPU
		{1D3BD2D4-9BD7-4179-9328-93931FDAB21D}.Release|Any CPU.Build.0 = Release|Any CPU
		{D23ECD4A-CE71-4466-ADCB-87CBE2053DD9}.Debug|Any CPU.ActiveCfg = Debug|Any CPU
		{D23ECD4A-CE71-4466-ADCB-87CBE2053DD9}.Debug|Any CPU.Build.0 = Debug|Any CPU
		{D23ECD4A-CE71-4466-ADCB-87CBE2053DD9}.Release|Any CPU.ActiveCfg = Release|Any CPU
		{D23ECD4A-CE71-4466-ADCB-87CBE2053DD9}.Release|Any CPU.Build.0 = Release|Any CPU
		{CBF01E5A-63CE-4B19-B84E-D8764000D62D}.Debug|Any CPU.ActiveCfg = Debug|Any CPU
		{CBF01E5A-63CE-4B19-B84E-D8764000D62D}.Debug|Any CPU.Build.0 = Debug|Any CPU
		{CBF01E5A-63CE-4B19-B84E-D8764000D62D}.Release|Any CPU.ActiveCfg = Release|Any CPU
		{CBF01E5A-63CE-4B19-B84E-D8764000D62D}.Release|Any CPU.Build.0 = Release|Any CPU
		{9854D954-0030-4F9E-B26C-D10CBC86A725}.Debug|Any CPU.ActiveCfg = Debug|Any CPU
		{9854D954-0030-4F9E-B26C-D10CBC86A725}.Debug|Any CPU.Build.0 = Debug|Any CPU
		{9854D954-0030-4F9E-B26C-D10CBC86A725}.Release|Any CPU.ActiveCfg = Release|Any CPU
		{9854D954-0030-4F9E-B26C-D10CBC86A725}.Release|Any CPU.Build.0 = Release|Any CPU
		{BF4EEC4A-4ECD-48E7-A926-3BADEA0B8002}.Debug|Any CPU.ActiveCfg = Debug|Any CPU
		{BF4EEC4A-4ECD-48E7-A926-3BADEA0B8002}.Debug|Any CPU.Build.0 = Debug|Any CPU
		{BF4EEC4A-4ECD-48E7-A926-3BADEA0B8002}.Release|Any CPU.ActiveCfg = Release|Any CPU
		{BF4EEC4A-4ECD-48E7-A926-3BADEA0B8002}.Release|Any CPU.Build.0 = Release|Any CPU
		{157F3EB6-DA46-47E7-B441-0A6EFBCC9FA6}.Debug|Any CPU.ActiveCfg = Debug|Any CPU
		{157F3EB6-DA46-47E7-B441-0A6EFBCC9FA6}.Debug|Any CPU.Build.0 = Debug|Any CPU
		{157F3EB6-DA46-47E7-B441-0A6EFBCC9FA6}.Release|Any CPU.ActiveCfg = Release|Any CPU
		{157F3EB6-DA46-47E7-B441-0A6EFBCC9FA6}.Release|Any CPU.Build.0 = Release|Any CPU
		{AC5235AD-9B79-495E-9F89-5E5D88ECB801}.Debug|Any CPU.ActiveCfg = Debug|Any CPU
		{AC5235AD-9B79-495E-9F89-5E5D88ECB801}.Debug|Any CPU.Build.0 = Debug|Any CPU
		{AC5235AD-9B79-495E-9F89-5E5D88ECB801}.Release|Any CPU.ActiveCfg = Release|Any CPU
		{AC5235AD-9B79-495E-9F89-5E5D88ECB801}.Release|Any CPU.Build.0 = Release|Any CPU
		{CF9B8AAC-E65D-4795-AA68-5769EC9B4A03}.Debug|Any CPU.ActiveCfg = Debug|Any CPU
		{CF9B8AAC-E65D-4795-AA68-5769EC9B4A03}.Debug|Any CPU.Build.0 = Debug|Any CPU
		{CF9B8AAC-E65D-4795-AA68-5769EC9B4A03}.Release|Any CPU.ActiveCfg = Release|Any CPU
		{CF9B8AAC-E65D-4795-AA68-5769EC9B4A03}.Release|Any CPU.Build.0 = Release|Any CPU
		{30F33207-8FE7-41A4-B3B4-D6560675931F}.Debug|Any CPU.ActiveCfg = Debug|Any CPU
		{30F33207-8FE7-41A4-B3B4-D6560675931F}.Debug|Any CPU.Build.0 = Debug|Any CPU
		{30F33207-8FE7-41A4-B3B4-D6560675931F}.Release|Any CPU.ActiveCfg = Release|Any CPU
		{30F33207-8FE7-41A4-B3B4-D6560675931F}.Release|Any CPU.Build.0 = Release|Any CPU
		{31D0C543-0D11-497E-B5DA-53363B5325B5}.Debug|Any CPU.ActiveCfg = Debug|Any CPU
		{31D0C543-0D11-497E-B5DA-53363B5325B5}.Debug|Any CPU.Build.0 = Debug|Any CPU
		{31D0C543-0D11-497E-B5DA-53363B5325B5}.Release|Any CPU.ActiveCfg = Release|Any CPU
		{31D0C543-0D11-497E-B5DA-53363B5325B5}.Release|Any CPU.Build.0 = Release|Any CPU
		{D1560DBF-D6D5-4D8A-84FF-9955F61FA713}.Debug|Any CPU.ActiveCfg = Debug|Any CPU
		{D1560DBF-D6D5-4D8A-84FF-9955F61FA713}.Debug|Any CPU.Build.0 = Debug|Any CPU
		{D1560DBF-D6D5-4D8A-84FF-9955F61FA713}.Release|Any CPU.ActiveCfg = Release|Any CPU
		{D1560DBF-D6D5-4D8A-84FF-9955F61FA713}.Release|Any CPU.Build.0 = Release|Any CPU
		{11E40678-215C-4412-973E-27C0837C1495}.Debug|Any CPU.ActiveCfg = Debug|Any CPU
		{11E40678-215C-4412-973E-27C0837C1495}.Debug|Any CPU.Build.0 = Debug|Any CPU
		{11E40678-215C-4412-973E-27C0837C1495}.Release|Any CPU.ActiveCfg = Release|Any CPU
		{11E40678-215C-4412-973E-27C0837C1495}.Release|Any CPU.Build.0 = Release|Any CPU
		{C4A24EDD-D87C-4AF4-84C3-CC01AF33CE7E}.Debug|Any CPU.ActiveCfg = Debug|Any CPU
		{C4A24EDD-D87C-4AF4-84C3-CC01AF33CE7E}.Debug|Any CPU.Build.0 = Debug|Any CPU
		{C4A24EDD-D87C-4AF4-84C3-CC01AF33CE7E}.Release|Any CPU.ActiveCfg = Release|Any CPU
		{C4A24EDD-D87C-4AF4-84C3-CC01AF33CE7E}.Release|Any CPU.Build.0 = Release|Any CPU
		{02CF10BC-67F5-44AF-846B-A132BF1A9B79}.Debug|Any CPU.ActiveCfg = Debug|Any CPU
		{02CF10BC-67F5-44AF-846B-A132BF1A9B79}.Debug|Any CPU.Build.0 = Debug|Any CPU
		{02CF10BC-67F5-44AF-846B-A132BF1A9B79}.Release|Any CPU.ActiveCfg = Release|Any CPU
		{02CF10BC-67F5-44AF-846B-A132BF1A9B79}.Release|Any CPU.Build.0 = Release|Any CPU
		{2A8E99F6-A1A9-487C-96FE-3E1E748DE30E}.Debug|Any CPU.ActiveCfg = Debug|Any CPU
		{2A8E99F6-A1A9-487C-96FE-3E1E748DE30E}.Debug|Any CPU.Build.0 = Debug|Any CPU
		{2A8E99F6-A1A9-487C-96FE-3E1E748DE30E}.Release|Any CPU.ActiveCfg = Release|Any CPU
		{2A8E99F6-A1A9-487C-96FE-3E1E748DE30E}.Release|Any CPU.Build.0 = Release|Any CPU
		{2B64212F-2CAE-4C2B-A86E-46669B046B2D}.Debug|Any CPU.ActiveCfg = Debug|Any CPU
		{2B64212F-2CAE-4C2B-A86E-46669B046B2D}.Debug|Any CPU.Build.0 = Debug|Any CPU
		{2B64212F-2CAE-4C2B-A86E-46669B046B2D}.Release|Any CPU.ActiveCfg = Release|Any CPU
		{2B64212F-2CAE-4C2B-A86E-46669B046B2D}.Release|Any CPU.Build.0 = Release|Any CPU
		{CF955C06-D385-4677-93CB-992C6EF5DB35}.Debug|Any CPU.ActiveCfg = Debug|Any CPU
		{CF955C06-D385-4677-93CB-992C6EF5DB35}.Debug|Any CPU.Build.0 = Debug|Any CPU
		{CF955C06-D385-4677-93CB-992C6EF5DB35}.Release|Any CPU.ActiveCfg = Release|Any CPU
		{CF955C06-D385-4677-93CB-992C6EF5DB35}.Release|Any CPU.Build.0 = Release|Any CPU
		{E125DA66-852F-4933-9968-910091842941}.Debug|Any CPU.ActiveCfg = Debug|Any CPU
		{E125DA66-852F-4933-9968-910091842941}.Debug|Any CPU.Build.0 = Debug|Any CPU
		{E125DA66-852F-4933-9968-910091842941}.Release|Any CPU.ActiveCfg = Release|Any CPU
		{E125DA66-852F-4933-9968-910091842941}.Release|Any CPU.Build.0 = Release|Any CPU
		{DD62F66D-240D-4097-AB09-36EF4A9AB2C9}.Debug|Any CPU.ActiveCfg = Debug|Any CPU
		{DD62F66D-240D-4097-AB09-36EF4A9AB2C9}.Debug|Any CPU.Build.0 = Debug|Any CPU
		{DD62F66D-240D-4097-AB09-36EF4A9AB2C9}.Release|Any CPU.ActiveCfg = Release|Any CPU
		{DD62F66D-240D-4097-AB09-36EF4A9AB2C9}.Release|Any CPU.Build.0 = Release|Any CPU
		{072FCC68-24AD-4E6A-A86E-F4559BC424DF}.Debug|Any CPU.ActiveCfg = Debug|Any CPU
		{072FCC68-24AD-4E6A-A86E-F4559BC424DF}.Debug|Any CPU.Build.0 = Debug|Any CPU
		{072FCC68-24AD-4E6A-A86E-F4559BC424DF}.Release|Any CPU.ActiveCfg = Release|Any CPU
		{072FCC68-24AD-4E6A-A86E-F4559BC424DF}.Release|Any CPU.Build.0 = Release|Any CPU
		{2FEF73E2-589F-4A5C-8F74-099FB26BD4CC}.Debug|Any CPU.ActiveCfg = Debug|Any CPU
		{2FEF73E2-589F-4A5C-8F74-099FB26BD4CC}.Debug|Any CPU.Build.0 = Debug|Any CPU
		{2FEF73E2-589F-4A5C-8F74-099FB26BD4CC}.Release|Any CPU.ActiveCfg = Release|Any CPU
		{2FEF73E2-589F-4A5C-8F74-099FB26BD4CC}.Release|Any CPU.Build.0 = Release|Any CPU
		{812AC83A-E18B-4E3D-98AC-766459FF130E}.Debug|Any CPU.ActiveCfg = Debug|Any CPU
		{812AC83A-E18B-4E3D-98AC-766459FF130E}.Debug|Any CPU.Build.0 = Debug|Any CPU
		{812AC83A-E18B-4E3D-98AC-766459FF130E}.Release|Any CPU.ActiveCfg = Release|Any CPU
		{812AC83A-E18B-4E3D-98AC-766459FF130E}.Release|Any CPU.Build.0 = Release|Any CPU
		{47F47CB7-A29B-4595-B6EC-F4E4E048FBD7}.Debug|Any CPU.ActiveCfg = Debug|Any CPU
		{47F47CB7-A29B-4595-B6EC-F4E4E048FBD7}.Debug|Any CPU.Build.0 = Debug|Any CPU
		{47F47CB7-A29B-4595-B6EC-F4E4E048FBD7}.Release|Any CPU.ActiveCfg = Release|Any CPU
		{47F47CB7-A29B-4595-B6EC-F4E4E048FBD7}.Release|Any CPU.Build.0 = Release|Any CPU
		{F928F3C7-EBC1-4ED9-8EA0-B05C83B78247}.Debug|Any CPU.ActiveCfg = Debug|Any CPU
		{F928F3C7-EBC1-4ED9-8EA0-B05C83B78247}.Debug|Any CPU.Build.0 = Debug|Any CPU
		{F928F3C7-EBC1-4ED9-8EA0-B05C83B78247}.Release|Any CPU.ActiveCfg = Release|Any CPU
		{F928F3C7-EBC1-4ED9-8EA0-B05C83B78247}.Release|Any CPU.Build.0 = Release|Any CPU
		{6234D3A4-5C42-4FD4-8C42-836BD1550356}.Debug|Any CPU.ActiveCfg = Debug|Any CPU
		{6234D3A4-5C42-4FD4-8C42-836BD1550356}.Debug|Any CPU.Build.0 = Debug|Any CPU
		{6234D3A4-5C42-4FD4-8C42-836BD1550356}.Release|Any CPU.ActiveCfg = Release|Any CPU
		{6234D3A4-5C42-4FD4-8C42-836BD1550356}.Release|Any CPU.Build.0 = Release|Any CPU
		{B90F559F-60C1-45F3-9F15-2A53C8259CD1}.Debug|Any CPU.ActiveCfg = Debug|Any CPU
		{B90F559F-60C1-45F3-9F15-2A53C8259CD1}.Debug|Any CPU.Build.0 = Debug|Any CPU
		{B90F559F-60C1-45F3-9F15-2A53C8259CD1}.Release|Any CPU.ActiveCfg = Release|Any CPU
		{B90F559F-60C1-45F3-9F15-2A53C8259CD1}.Release|Any CPU.Build.0 = Release|Any CPU
		{2DF41B89-2CDD-4798-98DB-BD3D681DF753}.Debug|Any CPU.ActiveCfg = Debug|Any CPU
		{2DF41B89-2CDD-4798-98DB-BD3D681DF753}.Debug|Any CPU.Build.0 = Debug|Any CPU
		{2DF41B89-2CDD-4798-98DB-BD3D681DF753}.Release|Any CPU.ActiveCfg = Release|Any CPU
		{2DF41B89-2CDD-4798-98DB-BD3D681DF753}.Release|Any CPU.Build.0 = Release|Any CPU
		{8F00F79D-8A3C-40A7-8FFC-FD679C0B6E6C}.Debug|Any CPU.ActiveCfg = Debug|Any CPU
		{8F00F79D-8A3C-40A7-8FFC-FD679C0B6E6C}.Debug|Any CPU.Build.0 = Debug|Any CPU
		{8F00F79D-8A3C-40A7-8FFC-FD679C0B6E6C}.Release|Any CPU.ActiveCfg = Release|Any CPU
		{8F00F79D-8A3C-40A7-8FFC-FD679C0B6E6C}.Release|Any CPU.Build.0 = Release|Any CPU
		{55157A65-C610-4650-9A15-71578EEE45D3}.Debug|Any CPU.ActiveCfg = Debug|Any CPU
		{55157A65-C610-4650-9A15-71578EEE45D3}.Debug|Any CPU.Build.0 = Debug|Any CPU
		{55157A65-C610-4650-9A15-71578EEE45D3}.Release|Any CPU.ActiveCfg = Release|Any CPU
		{55157A65-C610-4650-9A15-71578EEE45D3}.Release|Any CPU.Build.0 = Release|Any CPU
		{C2599D85-F504-429F-AB26-9EBE6E9B84AB}.Debug|Any CPU.ActiveCfg = Debug|Any CPU
		{C2599D85-F504-429F-AB26-9EBE6E9B84AB}.Debug|Any CPU.Build.0 = Debug|Any CPU
		{C2599D85-F504-429F-AB26-9EBE6E9B84AB}.Release|Any CPU.ActiveCfg = Release|Any CPU
		{C2599D85-F504-429F-AB26-9EBE6E9B84AB}.Release|Any CPU.Build.0 = Release|Any CPU
		{58202DC3-B049-4B6D-A5B2-8A24F8FCA6C7}.Debug|Any CPU.ActiveCfg = Debug|Any CPU
		{58202DC3-B049-4B6D-A5B2-8A24F8FCA6C7}.Debug|Any CPU.Build.0 = Debug|Any CPU
		{58202DC3-B049-4B6D-A5B2-8A24F8FCA6C7}.Release|Any CPU.ActiveCfg = Release|Any CPU
		{58202DC3-B049-4B6D-A5B2-8A24F8FCA6C7}.Release|Any CPU.Build.0 = Release|Any CPU
		{F6A9F036-FC68-470D-8526-6455FDBD43C0}.Debug|Any CPU.ActiveCfg = Debug|Any CPU
		{F6A9F036-FC68-470D-8526-6455FDBD43C0}.Debug|Any CPU.Build.0 = Debug|Any CPU
		{F6A9F036-FC68-470D-8526-6455FDBD43C0}.Release|Any CPU.ActiveCfg = Release|Any CPU
		{F6A9F036-FC68-470D-8526-6455FDBD43C0}.Release|Any CPU.Build.0 = Release|Any CPU
		{9878DB6C-FF0B-4F81-8702-8262A02F00EC}.Debug|Any CPU.ActiveCfg = Debug|Any CPU
		{9878DB6C-FF0B-4F81-8702-8262A02F00EC}.Debug|Any CPU.Build.0 = Debug|Any CPU
		{9878DB6C-FF0B-4F81-8702-8262A02F00EC}.Release|Any CPU.ActiveCfg = Release|Any CPU
		{9878DB6C-FF0B-4F81-8702-8262A02F00EC}.Release|Any CPU.Build.0 = Release|Any CPU
		{0D676EF6-387A-43DB-B4D0-75F02A915C89}.Debug|Any CPU.ActiveCfg = Debug|Any CPU
		{0D676EF6-387A-43DB-B4D0-75F02A915C89}.Debug|Any CPU.Build.0 = Debug|Any CPU
		{0D676EF6-387A-43DB-B4D0-75F02A915C89}.Release|Any CPU.ActiveCfg = Release|Any CPU
		{0D676EF6-387A-43DB-B4D0-75F02A915C89}.Release|Any CPU.Build.0 = Release|Any CPU
	EndGlobalSection
	GlobalSection(SolutionProperties) = preSolution
		HideSolutionNode = FALSE
	EndGlobalSection
	GlobalSection(NestedProjects) = preSolution
		{C66F8910-8651-43D1-B303-525223542ACA} = {7BF2EA35-B33D-48A2-9C78-2C927831EE30}
		{C9848FC7-6ED2-4336-BF3C-631EE96F9C48} = {7BF2EA35-B33D-48A2-9C78-2C927831EE30}
		{68D3201A-F735-4162-9D7B-3DB59B033CFB} = {7BF2EA35-B33D-48A2-9C78-2C927831EE30}
		{0468AF72-57A5-4AA2-9C27-F81B8BE87CFB} = {3D71B8D3-41AE-4E35-87D5-FC51FD2B3A78}
		{B0ACA5ED-FBFC-4279-AC73-49CAAD076310} = {7BF2EA35-B33D-48A2-9C78-2C927831EE30}
		{54034291-8519-4369-A7C5-7AF04869607D} = {7BF2EA35-B33D-48A2-9C78-2C927831EE30}
		{34C92AAF-9424-422D-A8D1-2EDA8D62528E} = {7BF2EA35-B33D-48A2-9C78-2C927831EE30}
		{FBE21C19-AD58-4865-83C1-AB0E1A2BB205} = {7BF2EA35-B33D-48A2-9C78-2C927831EE30}
		{99676C04-C272-42AB-8041-A263F0B3B530} = {7BF2EA35-B33D-48A2-9C78-2C927831EE30}
		{1FA4A8F5-2B2C-40A9-93E7-C5DD7890C8E4} = {BFA6FF0A-0E3D-49C4-A815-B8528D8384C4}
		{864530AE-6767-4599-996A-7BE1CD6CED53} = {BFA6FF0A-0E3D-49C4-A815-B8528D8384C4}
		{F8131AFC-327B-4DDA-8BAF-85D9F0ED42C4} = {BFA6FF0A-0E3D-49C4-A815-B8528D8384C4}
		{60723E96-72FF-4E84-A351-B82063724AA6} = {BFA6FF0A-0E3D-49C4-A815-B8528D8384C4}
		{5EA7ACEE-FB83-4081-872A-D23DB71D7F05} = {BFA6FF0A-0E3D-49C4-A815-B8528D8384C4}
		{A8C98DF2-7F7B-4804-9C39-AFEF3B1FE080} = {BFA6FF0A-0E3D-49C4-A815-B8528D8384C4}
		{B34C8BB5-3146-4E4B-A4D4-2ADE816B3610} = {BFA6FF0A-0E3D-49C4-A815-B8528D8384C4}
		{90D793C3-EA59-40E4-8130-24CCF857B52F} = {BFA6FF0A-0E3D-49C4-A815-B8528D8384C4}
		{356ED807-5411-492A-9E0C-FAFD1A809BD7} = {BFA6FF0A-0E3D-49C4-A815-B8528D8384C4}
		{7037FE71-87CD-4AF7-9C48-C3E40070357B} = {BFA6FF0A-0E3D-49C4-A815-B8528D8384C4}
		{D2FEB02A-0368-4A74-AAFE-13BFFD539FF7} = {BFA6FF0A-0E3D-49C4-A815-B8528D8384C4}
		{1046AD4B-03DE-4A3E-84C6-3F71C2A2F211} = {BFA6FF0A-0E3D-49C4-A815-B8528D8384C4}
		{9DDAA852-1FEB-4FA1-83F2-E7DEAA3D7A4B} = {BFA6FF0A-0E3D-49C4-A815-B8528D8384C4}
		{BD684564-3A0C-41F6-B5C0-B1D34DC63F3C} = {08C91D93-66E7-4D6C-A2BE-B79B0BD61D3B}
		{8C15819F-21AE-42D5-B491-7E15426A899B} = {08C91D93-66E7-4D6C-A2BE-B79B0BD61D3B}
		{0A2718B2-EBCB-4E99-8F25-83E073E982AF} = {08C91D93-66E7-4D6C-A2BE-B79B0BD61D3B}
		{8A02BE0F-1EC9-4BAE-AC87-7064BA0C992E} = {08C91D93-66E7-4D6C-A2BE-B79B0BD61D3B}
		{2A62C202-4A1A-4629-9761-C6F0754835C1} = {08C91D93-66E7-4D6C-A2BE-B79B0BD61D3B}
		{58C2429F-286B-4483-ACE7-AA1D1B5A9909} = {08C91D93-66E7-4D6C-A2BE-B79B0BD61D3B}
		{CF875F70-0FEE-4998-AB3D-DB8C833AFE64} = {08C91D93-66E7-4D6C-A2BE-B79B0BD61D3B}
		{4012FBBE-C3FB-42DB-B049-0866C8B2E32B} = {08C91D93-66E7-4D6C-A2BE-B79B0BD61D3B}
		{D38BAA62-DE06-4305-96B1-44F7B3EDCFD4} = {08C91D93-66E7-4D6C-A2BE-B79B0BD61D3B}
		{EBE18572-CC43-491D-8923-546AC80FE1B4} = {08C91D93-66E7-4D6C-A2BE-B79B0BD61D3B}
		{CD8C01FD-BDD9-4D3F-A13C-957A03B224E3} = {08C91D93-66E7-4D6C-A2BE-B79B0BD61D3B}
		{31785CE6-A0A5-469A-B4B1-94A7AD7DA793} = {08C91D93-66E7-4D6C-A2BE-B79B0BD61D3B}
		{AEAC4391-C89F-4140-BED7-3559FBB6CE55} = {08C91D93-66E7-4D6C-A2BE-B79B0BD61D3B}
		{793306DD-3119-4307-9A3E-C0367CB7B57A} = {CAFF9C5F-4903-4B39-A545-A6CBCB6FEFCE}
		{19AEBD7A-3657-42BD-B5B1-21C80F79D8FF} = {CAFF9C5F-4903-4B39-A545-A6CBCB6FEFCE}
		{5D5783E9-621B-4B1C-B1E2-4FA57E57521C} = {CAFF9C5F-4903-4B39-A545-A6CBCB6FEFCE}
		{87A30CAE-2E57-412C-9CCA-40E306D56941} = {CAFF9C5F-4903-4B39-A545-A6CBCB6FEFCE}
		{1216DCE0-3796-4CBD-9103-B1AF80323409} = {CAFF9C5F-4903-4B39-A545-A6CBCB6FEFCE}
		{B4FD66E2-CA8D-4475-9D45-73D99E45A5E5} = {CAFF9C5F-4903-4B39-A545-A6CBCB6FEFCE}
		{04EA7685-5D97-464D-9DE7-D91652DC5EB8} = {CAFF9C5F-4903-4B39-A545-A6CBCB6FEFCE}
		{2EE66905-AB09-4AAC-9304-779D7687E242} = {CAFF9C5F-4903-4B39-A545-A6CBCB6FEFCE}
		{53D39013-BA61-4E60-93B0-89064BB23598} = {CAFF9C5F-4903-4B39-A545-A6CBCB6FEFCE}
		{E236CC1D-9E8F-48F4-B3D9-8766627C5F6A} = {CAFF9C5F-4903-4B39-A545-A6CBCB6FEFCE}
		{F9EFBC0E-8E1B-4A10-8217-FFA14CC33FB0} = {CAFF9C5F-4903-4B39-A545-A6CBCB6FEFCE}
		{0AABFF93-22B3-4766-A153-5041F45C2126} = {E23C298E-9A3C-4BC9-AAD8-2B353AF39258}
		{BD15D1C7-7687-418C-8A34-E5754284082E} = {E23C298E-9A3C-4BC9-AAD8-2B353AF39258}
		{6FAE20A0-AE08-42E9-848B-D33E6CB35A0A} = {E23C298E-9A3C-4BC9-AAD8-2B353AF39258}
		{D0952BDF-FF74-4C60-8F68-FE797E63FE1A} = {E23C298E-9A3C-4BC9-AAD8-2B353AF39258}
		{2E671267-999D-4B47-B13B-CF60CB9E97F2} = {E23C298E-9A3C-4BC9-AAD8-2B353AF39258}
		{61DD8145-D956-4D63-85C2-4A2C7FDE2A24} = {E23C298E-9A3C-4BC9-AAD8-2B353AF39258}
		{15D01460-CA72-4BA9-AE9B-AB4AE5338D39} = {E23C298E-9A3C-4BC9-AAD8-2B353AF39258}
		{B0CF3993-D336-4F9B-9BC7-7F2B889E4B3A} = {E23C298E-9A3C-4BC9-AAD8-2B353AF39258}
		{BC9A4559-1F24-4654-9321-F75D2D179AC2} = {E23C298E-9A3C-4BC9-AAD8-2B353AF39258}
		{722B70FE-C020-4E90-9A4F-57B8E6666CED} = {E23C298E-9A3C-4BC9-AAD8-2B353AF39258}
		{0F03D5EF-1282-4C83-94B3-88D40FF69A13} = {E23C298E-9A3C-4BC9-AAD8-2B353AF39258}
		{13C30B2D-E99F-4293-8314-B452A71267CC} = {E23C298E-9A3C-4BC9-AAD8-2B353AF39258}
		{B0B4FE45-EDCB-48A0-BAAF-F4B2FF4430C6} = {9E525B85-4920-4069-A17A-16B1E6B4B9EE}
		{1D3BD2D4-9BD7-4179-9328-93931FDAB21D} = {9E525B85-4920-4069-A17A-16B1E6B4B9EE}
		{D23ECD4A-CE71-4466-ADCB-87CBE2053DD9} = {9E525B85-4920-4069-A17A-16B1E6B4B9EE}
		{CBF01E5A-63CE-4B19-B84E-D8764000D62D} = {9E525B85-4920-4069-A17A-16B1E6B4B9EE}
		{9854D954-0030-4F9E-B26C-D10CBC86A725} = {9E525B85-4920-4069-A17A-16B1E6B4B9EE}
		{BF4EEC4A-4ECD-48E7-A926-3BADEA0B8002} = {9E525B85-4920-4069-A17A-16B1E6B4B9EE}
		{157F3EB6-DA46-47E7-B441-0A6EFBCC9FA6} = {9E525B85-4920-4069-A17A-16B1E6B4B9EE}
		{AC5235AD-9B79-495E-9F89-5E5D88ECB801} = {9E525B85-4920-4069-A17A-16B1E6B4B9EE}
		{CF9B8AAC-E65D-4795-AA68-5769EC9B4A03} = {9E525B85-4920-4069-A17A-16B1E6B4B9EE}
		{30F33207-8FE7-41A4-B3B4-D6560675931F} = {9E525B85-4920-4069-A17A-16B1E6B4B9EE}
		{31D0C543-0D11-497E-B5DA-53363B5325B5} = {9E525B85-4920-4069-A17A-16B1E6B4B9EE}
		{D1560DBF-D6D5-4D8A-84FF-9955F61FA713} = {9E525B85-4920-4069-A17A-16B1E6B4B9EE}
		{11E40678-215C-4412-973E-27C0837C1495} = {1CC147B7-D667-4107-B523-DE5AE9B36196}
		{C4A24EDD-D87C-4AF4-84C3-CC01AF33CE7E} = {1CC147B7-D667-4107-B523-DE5AE9B36196}
		{02CF10BC-67F5-44AF-846B-A132BF1A9B79} = {1CC147B7-D667-4107-B523-DE5AE9B36196}
		{2A8E99F6-A1A9-487C-96FE-3E1E748DE30E} = {1CC147B7-D667-4107-B523-DE5AE9B36196}
		{2B64212F-2CAE-4C2B-A86E-46669B046B2D} = {1CC147B7-D667-4107-B523-DE5AE9B36196}
		{CF955C06-D385-4677-93CB-992C6EF5DB35} = {1CC147B7-D667-4107-B523-DE5AE9B36196}
		{E125DA66-852F-4933-9968-910091842941} = {1CC147B7-D667-4107-B523-DE5AE9B36196}
		{DD62F66D-240D-4097-AB09-36EF4A9AB2C9} = {1CC147B7-D667-4107-B523-DE5AE9B36196}
		{072FCC68-24AD-4E6A-A86E-F4559BC424DF} = {1CC147B7-D667-4107-B523-DE5AE9B36196}
		{2FEF73E2-589F-4A5C-8F74-099FB26BD4CC} = {1CC147B7-D667-4107-B523-DE5AE9B36196}
		{812AC83A-E18B-4E3D-98AC-766459FF130E} = {1CC147B7-D667-4107-B523-DE5AE9B36196}
		{47F47CB7-A29B-4595-B6EC-F4E4E048FBD7} = {1CC147B7-D667-4107-B523-DE5AE9B36196}
		{F928F3C7-EBC1-4ED9-8EA0-B05C83B78247} = {81156E74-3267-44F5-BF6C-9D72FF55B38E}
		{6234D3A4-5C42-4FD4-8C42-836BD1550356} = {81156E74-3267-44F5-BF6C-9D72FF55B38E}
		{B90F559F-60C1-45F3-9F15-2A53C8259CD1} = {81156E74-3267-44F5-BF6C-9D72FF55B38E}
		{2DF41B89-2CDD-4798-98DB-BD3D681DF753} = {CAFF9C5F-4903-4B39-A545-A6CBCB6FEFCE}
		{8F00F79D-8A3C-40A7-8FFC-FD679C0B6E6C} = {81156E74-3267-44F5-BF6C-9D72FF55B38E}
		{55157A65-C610-4650-9A15-71578EEE45D3} = {81156E74-3267-44F5-BF6C-9D72FF55B38E}
		{C2599D85-F504-429F-AB26-9EBE6E9B84AB} = {81156E74-3267-44F5-BF6C-9D72FF55B38E}
		{58202DC3-B049-4B6D-A5B2-8A24F8FCA6C7} = {81156E74-3267-44F5-BF6C-9D72FF55B38E}
		{F6A9F036-FC68-470D-8526-6455FDBD43C0} = {81156E74-3267-44F5-BF6C-9D72FF55B38E}
		{9878DB6C-FF0B-4F81-8702-8262A02F00EC} = {81156E74-3267-44F5-BF6C-9D72FF55B38E}
		{0D676EF6-387A-43DB-B4D0-75F02A915C89} = {81156E74-3267-44F5-BF6C-9D72FF55B38E}
	EndGlobalSection
	GlobalSection(ExtensibilityGlobals) = postSolution
		SolutionGuid = {F84D2648-60EF-46D6-9D4A-25B025B688E7}
	EndGlobalSection
EndGlobal
